<?xml version="1.0" encoding="utf-8"?>
<Project ToolsVersion="4.0" xmlns="http://schemas.microsoft.com/developer/msbuild/2003">
  <ItemGroup>
    <Filter Include="源文件">
      <UniqueIdentifier>{4FC737F1-C7A5-4376-A066-2A32D752A2FF}</UniqueIdentifier>
      <Extensions>cpp;c;cc;cxx;def;odl;idl;hpj;bat;asm;asmx</Extensions>
    </Filter>
    <Filter Include="头文件">
      <UniqueIdentifier>{93995380-89BD-4b04-88EB-625FBE52EBFB}</UniqueIdentifier>
      <Extensions>h;hh;hpp;hxx;hm;inl;inc;ipp;xsd</Extensions>
    </Filter>
    <Filter Include="资源文件">
      <UniqueIdentifier>{67DA6AB6-F800-4c08-8B7A-83BB121AAD01}</UniqueIdentifier>
      <Extensions>rc;ico;cur;bmp;dlg;rc2;rct;bin;rgs;gif;jpg;jpeg;jpe;resx;tiff;tif;png;wav;mfcribbon-ms</Extensions>
    </Filter>
  </ItemGroup>
  <ItemGroup>
    <Library Include="lib\x86\SDL2.lib" />
    <Library Include="lib\x86\SDL2main.lib" />
    <Library Include="lib\x86\SDL2test.lib" />
  </ItemGroup>
  <ItemGroup>
    <ClCompile Include="main.cpp">
      <Filter>源文件</Filter>
    </ClCompile>
    <ClCompile Include="Core.cpp">
      <Filter>源文件</Filter>
    </ClCompile>
    <ClCompile Include="BackGround.cpp">
      <Filter>源文件</Filter>
    </ClCompile>
    <ClCompile Include="MyImg.cpp">
      <Filter>源文件</Filter>
    </ClCompile>
    <ClCompile Include="Tile.cpp">
      <Filter>源文件</Filter>
    </ClCompile>
    <ClCompile Include="TileMap.cpp">
      <Filter>源文件</Filter>
    </ClCompile>
    <ClCompile Include="MapObject.cpp">
      <Filter>源文件</Filter>
    </ClCompile>
    <ClCompile Include="Animation.cpp">
      <Filter>源文件</Filter>
    </ClCompile>
    <ClCompile Include="Player.cpp">
      <Filter>源文件</Filter>
    </ClCompile>
    <ClCompile Include="Mush.cpp">
      <Filter>源文件</Filter>
    </ClCompile>
    <ClCompile Include="BlockDebris.cpp">
      <Filter>源文件</Filter>
    </ClCompile>
    <ClCompile Include="CoinJump.cpp">
      <Filter>源文件</Filter>
    </ClCompile>
    <ClCompile Include="Enemy.cpp">
      <Filter>源文件</Filter>
    </ClCompile>
    <ClCompile Include="EnemyMush.cpp">
      <Filter>源文件</Filter>
    </ClCompile>
    <ClCompile Include="EnemyKoopa.cpp">
      <Filter>源文件</Filter>
    </ClCompile>
    <ClCompile Include="Flower.cpp">
      <Filter>源文件</Filter>
    </ClCompile>
    <ClCompile Include="FireBall.cpp">
      <Filter>源文件</Filter>
    </ClCompile>
    <ClCompile Include="FireBallWork.cpp">
      <Filter>源文件</Filter>
    </ClCompile>
    <ClCompile Include="Star.cpp">
      <Filter>源文件</Filter>
    </ClCompile>
    <ClCompile Include="Unit.cpp">
      <Filter>源文件</Filter>
    </ClCompile>
    <ClCompile Include="MyTimer.cpp">
      <Filter>源文件</Filter>
    </ClCompile>
    <ClCompile Include="MyCtrl.cpp">
      <Filter>源文件</Filter>
    </ClCompile>
  </ItemGroup>
  <ItemGroup>
    <ClInclude Include="Core.h">
      <Filter>头文件</Filter>
    </ClInclude>
    <ClInclude Include="BackGround.h">
      <Filter>头文件</Filter>
    </ClInclude>
    <ClInclude Include="MyImg.h">
      <Filter>头文件</Filter>
    </ClInclude>
    <ClInclude Include="Config.h">
      <Filter>头文件</Filter>
    </ClInclude>
    <ClInclude Include="Tile.h">
      <Filter>头文件</Filter>
    </ClInclude>
    <ClInclude Include="TileMap.h">
      <Filter>头文件</Filter>
    </ClInclude>
    <ClInclude Include="MapObject.h">
      <Filter>头文件</Filter>
    </ClInclude>
    <ClInclude Include="Animation.h">
      <Filter>头文件</Filter>
    </ClInclude>
    <ClInclude Include="Player.h">
      <Filter>头文件</Filter>
    </ClInclude>
    <ClInclude Include="Mush.h">
      <Filter>头文件</Filter>
    </ClInclude>
    <ClInclude Include="BlockDebris.h">
      <Filter>头文件</Filter>
    </ClInclude>
    <ClInclude Include="CoinJump.h">
      <Filter>头文件</Filter>
    </ClInclude>
    <ClInclude Include="Enemy.h">
      <Filter>头文件</Filter>
    </ClInclude>
    <ClInclude Include="EnemyMush.h">
      <Filter>头文件</Filter>
    </ClInclude>
    <ClInclude Include="EnemyKoopa.h">
      <Filter>头文件</Filter>
    </ClInclude>
    <ClInclude Include="Flower.h">
      <Filter>头文件</Filter>
    </ClInclude>
    <ClInclude Include="FireBall.h">
      <Filter>头文件</Filter>
    </ClInclude>
    <ClInclude Include="FireBallWork.h">
      <Filter>头文件</Filter>
    </ClInclude>
    <ClInclude Include="Star.h">
      <Filter>头文件</Filter>
    </ClInclude>
    <ClInclude Include="Unit.h">
      <Filter>头文件</Filter>
    </ClInclude>
    <ClInclude Include="MyTimer.h">
      <Filter>头文件</Filter>
    </ClInclude>
    <ClInclude Include="MyCtrl.h">
      <Filter>头文件</Filter>
    </ClInclude>
  </ItemGroup>
</Project>